
Microsoft Visual Studio Solution File, Format Version 12.00
# Visual Studio Version 17
VisualStudioVersion = 17.0.32014.148
MinimumVisualStudioVersion = 10.0.40219.1
Project("{9A19103F-16F7-4668-BE54-9A1E7A4F7556}") = "Multithreading", "Multithreading\Multithreading.csproj", "{E07A9F89-85B1-46C1-9BF3-168C4A064419}"
EndProject
Project("{FAE04EC0-301F-11D3-BF4B-00C04F79EFBC}") = "Multithreading.UnitTests", "Multithreading.UnitTests\Multithreading.UnitTests.csproj", "{EAD7A415-4BF5-40E1-BE22-0467A3A25B8C}"
EndProject
Global
	GlobalSection(SolutionConfigurationPlatforms) = preSolution
		Debug|Any CPU = Debug|Any CPU
		Release|Any CPU = Release|Any CPU
	EndGlobalSection
	GlobalSection(ProjectConfigurationPlatforms) = postSolution
		{E07A9F89-85B1-46C1-9BF3-168C4A064419}.Debug|Any CPU.ActiveCfg = Debug|Any CPU
		{E07A9F89-85B1-46C1-9BF3-168C4A064419}.Debug|Any CPU.Build.0 = Debug|Any CPU
		{E07A9F89-85B1-46C1-9BF3-168C4A064419}.Release|Any CPU.ActiveCfg = Release|Any CPU
		{E07A9F89-85B1-46C1-9BF3-168C4A064419}.Release|Any CPU.Build.0 = Release|Any CPU
		{EAD7A415-4BF5-40E1-BE22-0467A3A25B8C}.Debug|Any CPU.ActiveCfg = Debug|Any CPU
		{EAD7A415-4BF5-40E1-BE22-0467A3A25B8C}.Debug|Any CPU.Build.0 = Debug|Any CPU
		{EAD7A415-4BF5-40E1-BE22-0467A3A25B8C}.Release|Any CPU.ActiveCfg = Release|Any CPU
		{EAD7A415-4BF5-40E1-BE22-0467A3A25B8C}.Release|Any CPU.Build.0 = Release|Any CPU
	EndGlobalSection
	GlobalSection(SolutionProperties) = preSolution
		HideSolutionNode = FALSE
	EndGlobalSection
	GlobalSection(ExtensibilityGlobals) = postSolution
		SolutionGuid = {1DD4299E-F644-49E6-AC0B-6D690B863A2F}
	EndGlobalSection
EndGlobal
